
Microsoft Visual Studio Solution File, Format Version 12.00
Project("{FAE04EC0-301F-11D3-BF4B-00C04F79EFBC}") = "entity-framework-edu", "entity-framework-edu\entity-framework-edu.csproj", "{4BDE3BD5-1AD0-43FD-B457-B88A08CC3342}"
EndProject
Global
	GlobalSection(SolutionConfigurationPlatforms) = preSolution
		Debug|Any CPU = Debug|Any CPU
		Release|Any CPU = Release|Any CPU
	EndGlobalSection
	GlobalSection(ProjectConfigurationPlatforms) = postSolution
		{4BDE3BD5-1AD0-43FD-B457-B88A08CC3342}.Debug|Any CPU.ActiveCfg = Debug|Any CPU
		{4BDE3BD5-1AD0-43FD-B457-B88A08CC3342}.Debug|Any CPU.Build.0 = Debug|Any CPU
		{4BDE3BD5-1AD0-43FD-B457-B88A08CC3342}.Release|Any CPU.ActiveCfg = Release|Any CPU
		{4BDE3BD5-1AD0-43FD-B457-B88A08CC3342}.Release|Any CPU.Build.0 = Release|Any CPU
	EndGlobalSection
EndGlobal
